dependencies:
  chmorgan/esp-libhelix-mp3:
    dependencies: []
    source:
      path: /home/xxchong/桌面/esp32s3-lvgl/components/chmorgan__esp-libhelix-mp3
      type: local
    version: 1.0.3
  idf:
    source:
      type: idf
    version: 5.3.1
  lvgl/lvgl:
    component_hash: 948bff879a345149b83065535bbc4a026ce9f47498a22881e432a264b9098015
    dependencies: []
    source:
      registry_url: https://components.espressif.com/
      type: service
    version: 8.3.11
direct_dependencies:
- chmorgan/esp-libhelix-mp3
- idf
- lvgl/lvgl
manifest_hash: 49b9a41a4ee3a271e78264b420dd3fccd350bdc09e0af0aa28bda3948f9425e5
target: esp32s3
version: 2.0.0
